// !$*UTF8*$!
{
	archiveVersion = 1;
	classes = {
	};
	objectVersion = 51;
	objects = {

/* Begin PBXBuildFile section */
		25F622DDFD452EDE202C9307 /* Pods_ScanDemo.framework in Frameworks */ = {isa = PBXBuildFile; fileRef = 0BCFF483567DB08D59999029 /* Pods_ScanDemo.framework */; };
		CEA0B8F922BD73F50095037F /* ViewController.swift in Sources */ = {isa = PBXBuildFile; fileRef = CEA0B8F822BD73F50095037F /* ViewController.swift */; };
		CEE94D3D22AFEAD400764F65 /* AppDelegate.swift in Sources */ = {isa = PBXBuildFile; fileRef = CEE94D3C22AFEAD400764F65 /* AppDelegate.swift */; };
		CEE94D4422AFEAD500764F65 /* Assets.xcassets in Resources */ = {isa = PBXBuildFile; fileRef = CEE94D4322AFEAD500764F65 /* Assets.xcassets */; };
		CEE94D4722AFEAD500764F65 /* LaunchScreen.storyboard in Resources */ = {isa = PBXBuildFile; fileRef = CEE94D4522AFEAD500764F65 /* LaunchScreen.storyboard */; };
/* End PBXBuildFile section */

/* Begin PBXFileReference section */
		070D35607C58E25FFBFD25D0 /* Pods-scantest.debug.xcconfig */ = {isa = PBXFileReference; includeInIndex = 1; lastKnownFileType = text.xcconfig; name = "Pods-scantest.debug.xcconfig"; path = "Target Support Files/Pods-scantest/Pods-scantest.debug.xcconfig"; sourceTree = "<group>"; };
		0BCFF483567DB08D59999029 /* Pods_ScanDemo.framework */ = {isa = PBXFileReference; explicitFileType = wrapper.framework; includeInIndex = 0; path = Pods_ScanDemo.framework; sourceTree = BUILT_PRODUCTS_DIR; };
		42AD4E7EE89A9E458570ED81 /* Pods-scantest.release.xcconfig */ = {isa = PBXFileReference; includeInIndex = 1; lastKnownFileType = text.xcconfig; name = "Pods-scantest.release.xcconfig"; path = "Target Support Files/Pods-scantest/Pods-scantest.release.xcconfig"; sourceTree = "<group>"; };
		CEA0B8F822BD73F50095037F /* ViewController.swift */ = {isa = PBXFileReference; fileEncoding = 4; lastKnownFileType = sourcecode.swift; path = ViewController.swift; sourceTree = "<group>"; };
		CEE94D3922AFEAD400764F65 /* ScanDemo.app */ = {isa = PBXFileReference; explicitFileType = wrapper.application; includeInIndex = 0; path = ScanDemo.app; sourceTree = BUILT_PRODUCTS_DIR; };
		CEE94D3C22AFEAD400764F65 /* AppDelegate.swift */ = {isa = PBXFileReference; lastKnownFileType = sourcecode.swift; path = AppDelegate.swift; sourceTree = "<group>"; };
		CEE94D4322AFEAD500764F65 /* Assets.xcassets */ = {isa = PBXFileReference; lastKnownFileType = folder.assetcatalog; path = Assets.xcassets; sourceTree = "<group>"; };
		CEE94D4622AFEAD500764F65 /* Base */ = {isa = PBXFileReference; lastKnownFileType = file.storyboard; name = Base; path = Base.lproj/LaunchScreen.storyboard; sourceTree = "<group>"; };
		CEE94D4822AFEAD500764F65 /* Info.plist */ = {isa = PBXFileReference; lastKnownFileType = text.plist.xml; path = Info.plist; sourceTree = "<group>"; };
		D8FDB28C7F7A7593AC628065 /* Pods-ScanDemo.release.xcconfig */ = {isa = PBXFileReference; includeInIndex = 1; lastKnownFileType = text.xcconfig; name = "Pods-ScanDemo.release.xcconfig"; path = "Target Support Files/Pods-ScanDemo/Pods-ScanDemo.release.xcconfig"; sourceTree = "<group>"; };
		E99D236EE6654DFE1132C9E5 /* Pods-ScanDemo.debug.xcconfig */ = {isa = PBXFileReference; includeInIndex = 1; lastKnownFileType = text.xcconfig; name = "Pods-ScanDemo.debug.xcconfig"; path = "Target Support Files/Pods-ScanDemo/Pods-ScanDemo.debug.xcconfig"; sourceTree = "<group>"; };
/* End PBXFileReference section */

/* Begin PBXFrameworksBuildPhase section */
		CEE94D3622AFEAD400764F65 /* Frameworks */ = {
			isa = PBXFrameworksBuildPhase;
			buildActionMask = 2147483647;
			files = (
				25F622DDFD452EDE202C9307 /* Pods_ScanDemo.framework in Frameworks */,
			);
			runOnlyForDeploymentPostprocessing = 0;
		};
/* End PBXFrameworksBuildPhase section */

/* Begin PBXGroup section */
		25913D7E06173C28834F0F77 /* Frameworks */ = {
			isa = PBXGroup;
			children = (
				0BCFF483567DB08D59999029 /* Pods_ScanDemo.framework */,
			);
			name = Frameworks;
			sourceTree = "<group>";
		};
		71314EC74AE67D7C598701A4 /* Pods */ = {
			isa = PBXGroup;
			children = (
				070D35607C58E25FFBFD25D0 /* Pods-scantest.debug.xcconfig */,
				42AD4E7EE89A9E458570ED81 /* Pods-scantest.release.xcconfig */,
				E99D236EE6654DFE1132C9E5 /* Pods-ScanDemo.debug.xcconfig */,
				D8FDB28C7F7A7593AC628065 /* Pods-ScanDemo.release.xcconfig */,
			);
			path = Pods;
			sourceTree = "<group>";
		};
		CEE94D3022AFEAD400764F65 = {
			isa = PBXGroup;
			children = (
				CEE94D3B22AFEAD400764F65 /* ScanDemo */,
				CEE94D3A22AFEAD400764F65 /* Products */,
				71314EC74AE67D7C598701A4 /* Pods */,
				25913D7E06173C28834F0F77 /* Frameworks */,
			);
			sourceTree = "<group>";
		};
		CEE94D3A22AFEAD400764F65 /* Products */ = {
			isa = PBXGroup;
			children = (
				CEE94D3922AFEAD400764F65 /* ScanDemo.app */,
			);
			name = Products;
			sourceTree = "<group>";
		};
		CEE94D3B22AFEAD400764F65 /* ScanDemo */ = {
			isa = PBXGroup;
			children = (
				CEA0B8F822BD73F50095037F /* ViewController.swift */,
				CEE94D3C22AFEAD400764F65 /* AppDelegate.swift */,
				CEE94D4322AFEAD500764F65 /* Assets.xcassets */,
				CEE94D4522AFEAD500764F65 /* LaunchScreen.storyboard */,
				CEE94D4822AFEAD500764F65 /* Info.plist */,
			);
			path = ScanDemo;
			sourceTree = "<group>";
		};
/* End PBXGroup section */

/* Begin PBXNativeTarget section */
		CEE94D3822AFEAD400764F65 /* ScanDemo */ = {
			isa = PBXNativeTarget;
			buildConfigurationList = CEE94D4B22AFEAD500764F65 /* Build configuration list for PBXNativeTarget "ScanDemo" */;
			buildPhases = (
				E6E89E47BDC2C49558C72E6E /* [CP] Check Pods Manifest.lock */,
				CEE94D3522AFEAD400764F65 /* Sources */,
				CEE94D3622AFEAD400764F65 /* Frameworks */,
				CEE94D3722AFEAD400764F65 /* Resources */,
				B4B1876C10AAA6EA41BF2748 /* [CP] Embed Pods Frameworks */,
			);
			buildRules = (
			);
			dependencies = (
			);
			name = ScanDemo;
			productName = scantest;
			productReference = CEE94D3922AFEAD400764F65 /* ScanDemo.app */;
			productType = "com.apple.product-type.application";
		};
/* End PBXNativeTarget section */

/* Begin PBXProject section */
		CEE94D3122AFEAD400764F65 /* Project object */ = {
			isa = PBXProject;
			attributes = {
				LastSwiftUpdateCheck = 1010;
				LastUpgradeCheck = 1010;
				ORGANIZATIONNAME = "Brandon Stakenborg";
				TargetAttributes = {
					CEE94D3822AFEAD400764F65 = {
						CreatedOnToolsVersion = 10.1;
						LastSwiftMigration = 1020;
					};
				};
			};
			buildConfigurationList = CEE94D3422AFEAD400764F65 /* Build configuration list for PBXProject "ScanDemo" */;
			compatibilityVersion = "Xcode 9.3";
			developmentRegion = en;
			hasScannedForEncodings = 0;
			knownRegions = (
				en,
				Base,
			);
			mainGroup = CEE94D3022AFEAD400764F65;
			productRefGroup = CEE94D3A22AFEAD400764F65 /* Products */;
			projectDirPath = "";
			projectRoot = "";
			targets = (
				CEE94D3822AFEAD400764F65 /* ScanDemo */,
			);
		};
/* End PBXProject section */

/* Begin PBXResourcesBuildPhase section */
		CEE94D3722AFEAD400764F65 /* Resources */ = {
			isa = PBXResourcesBuildPhase;
			buildActionMask = 2147483647;
			files = (
				CEE94D4722AFEAD500764F65 /* LaunchScreen.storyboard in Resources */,
				CEE94D4422AFEAD500764F65 /* Assets.xcassets in Resources */,
			);
			runOnlyForDeploymentPostprocessing = 0;
		};
/* End PBXResourcesBuildPhase section */

/* Begin PBXShellScriptBuildPhase section */
		B4B1876C10AAA6EA41BF2748 /* [CP] Embed Pods Frameworks */ = {
			isa = PBXShellScriptBuildPhase;
			buildActionMask = 2147483647;
			files = (
			);
			inputFileListPaths = (
				"${PODS_ROOT}/Target Support Files/Pods-ScanDemo/Pods-ScanDemo-frameworks-${CONFIGURATION}-input-files.xcfilelist",
			);
			name = "[CP] Embed Pods Frameworks";
			outputFileListPaths = (
				"${PODS_ROOT}/Target Support Files/Pods-ScanDemo/Pods-ScanDemo-frameworks-${CONFIGURATION}-output-files.xcfilelist",
			);
			runOnlyForDeploymentPostprocessing = 0;
			shellPath = /bin/sh;
			shellScript = "\"${PODS_ROOT}/Target Support Files/Pods-ScanDemo/Pods-ScanDemo-frameworks.sh\"\n";
			showEnvVarsInLog = 0;
		};
		E6E89E47BDC2C49558C72E6E /* [CP] Check Pods Manifest.lock */ = {
			isa = PBXShellScriptBuildPhase;
			buildActionMask = 2147483647;
			files = (
			);
			inputFileListPaths = (
			);
			inputPaths = (
				"${PODS_PODFILE_DIR_PATH}/Podfile.lock",
				"${PODS_ROOT}/Manifest.lock",
			);
			name = "[CP] Check Pods Manifest.lock";
			outputFileListPaths = (
			);
			outputPaths = (
				"$(DERIVED_FILE_DIR)/Pods-ScanDemo-checkManifestLockResult.txt",
			);
			runOnlyForDeploymentPostprocessing = 0;
			shellPath = /bin/sh;
			shellScript = "diff \"${PODS_PODFILE_DIR_PATH}/Podfile.lock\" \"${PODS_ROOT}/Manifest.lock\" > /dev/null\nif [ $? != 0 ] ; then\n    # print error to STDERR\n    echo \"error: The sandbox is not in sync with the Podfile.lock. Run 'pod install' or update your CocoaPods installation.\" >&2\n    exit 1\nfi\n# This output is used by Xcode 'outputs' to avoid re-running this script phase.\necho \"SUCCESS\" > \"${SCRIPT_OUTPUT_FILE_0}\"\n";
			showEnvVarsInLog = 0;
		};
/* End PBXShellScriptBuildPhase section */

/* Begin PBXSourcesBuildPhase section */
		CEE94D3522AFEAD400764F65 /* Sources */ = {
			isa = PBXSourcesBuildPhase;
			buildActionMask = 2147483647;
			files = (
				CEA0B8F922BD73F50095037F /* ViewController.swift in Sources */,
				CEE94D3D22AFEAD400764F65 /* AppDelegate.swift in Sources */,
			);
			runOnlyForDeploymentPostprocessing = 0;
		};
/* End PBXSourcesBuildPhase section */

/* Begin PBXVariantGroup section */
		CEE94D4522AFEAD500764F65 /* LaunchScreen.storyboard */ = {
			isa = PBXVariantGroup;
			children = (
				CEE94D4622AFEAD500764F65 /* Base */,
			);
			name = LaunchScreen.storyboard;
			sourceTree = "<group>";
		};
/* End PBXVariantGroup section */

/* Begin XCBuildConfiguration section */
		CEE94D4922AFEAD500764F65 /* Debug */ = {
			isa = XCBuildConfiguration;
			buildSettings = {
				ALWAYS_SEARCH_USER_PATHS = NO;
				CLANG_ANALYZER_NONNULL = YES;
				CLANG_ANALYZER_NUMBER_OBJECT_CONVERSION = YES_AGGRESSIVE;
				CLANG_CXX_LANGUAGE_STANDARD = "gnu++14";
				CLANG_CXX_LIBRARY = "libc++";
				CLANG_ENABLE_MODULES = YES;
				CLANG_ENABLE_OBJC_ARC = YES;
				CLANG_ENABLE_OBJC_WEAK = YES;
				CLANG_WARN_BLOCK_CAPTURE_AUTORELEASING = YES;
				CLANG_WARN_BOOL_CONVERSION = YES;
				CLANG_WARN_COMMA = YES;
				CLANG_WARN_CONSTANT_CONVERSION = YES;
				CLANG_WARN_DEPRECATED_OBJC_IMPLEMENTATIONS = YES;
				CLANG_WARN_DIRECT_OBJC_ISA_USAGE = YES_ERROR;
				CLANG_WARN_DOCUMENTATION_COMMENTS = YES;
				CLANG_WARN_EMPTY_BODY = YES;
				CLANG_WARN_ENUM_CONVERSION = YES;
				CLANG_WARN_INFINITE_RECURSION = YES;
				CLANG_WARN_INT_CONVERSION = YES;
				CLANG_WARN_NON_LITERAL_NULL_CONVERSION = YES;
				CLANG_WARN_OBJC_IMPLICIT_RETAIN_SELF = YES;
				CLANG_WARN_OBJC_LITERAL_CONVERSION = YES;
				CLANG_WARN_OBJC_ROOT_CLASS = YES_ERROR;
				CLANG_WARN_RANGE_LOOP_ANALYSIS = YES;
				CLANG_WARN_STRICT_PROTOTYPES = YES;
				CLANG_WARN_SUSPICIOUS_MOVE = YES;
				CLANG_WARN_UNGUARDED_AVAILABILITY = YES_AGGRESSIVE;
				CLANG_WARN_UNREACHABLE_CODE = YES;
				CLANG_WARN__DUPLICATE_METHOD_MATCH = YES;
				CODE_SIGN_IDENTITY = "iPhone Developer";
				COPY_PHASE_STRIP = NO;
				DEBUG_INFORMATION_FORMAT = dwarf;
				ENABLE_STRICT_OBJC_MSGSEND = YES;
				ENABLE_TESTABILITY = YES;
				GCC_C_LANGUAGE_STANDARD = gnu11;
				GCC_DYNAMIC_NO_PIC = NO;
				GCC_NO_COMMON_BLOCKS = YES;
				GCC_OPTIMIZATION_LEVEL = 0;
				GCC_PREPROCESSOR_DEFINITIONS = (
					"DEBUG=1",
					"$(inherited)",
				);
				GCC_WARN_64_TO_32_BIT_CONVERSION = YES;
				GCC_WARN_ABOUT_RETURN_TYPE = YES_ERROR;
				GCC_WARN_UNDECLARED_SELECTOR = YES;
				GCC_WARN_UNINITIALIZED_AUTOS = YES_AGGRESSIVE;
				GCC_WARN_UNUSED_FUNCTION = YES;
				GCC_WARN_UNUSED_VARIABLE = YES;
				IPHONEOS_DEPLOYMENT_TARGET = 10.0;
				MTL_ENABLE_DEBUG_INFO = INCLUDE_SOURCE;
				MTL_FAST_MATH = YES;
				ONLY_ACTIVE_ARCH = YES;
				SDKROOT = iphoneos;
				SWIFT_ACTIVE_COMPILATION_CONDITIONS = DEBUG;
				SWIFT_OPTIMIZATION_LEVEL = "-Onone";
			};
			name = Debug;
		};
		CEE94D4A22AFEAD500764F65 /* Release */ = {
			isa = XCBuildConfiguration;
			buildSettings = {
				ALWAYS_SEARCH_USER_PATHS = NO;
				CLANG_ANALYZER_NONNULL = YES;
				CLANG_ANALYZER_NUMBER_OBJECT_CONVERSION = YES_AGGRESSIVE;
				CLANG_CXX_LANGUAGE_STANDARD = "gnu++14";
				CLANG_CXX_LIBRARY = "libc++";
				CLANG_ENABLE_MODULES = YES;
				CLANG_ENABLE_OBJC_ARC = YES;
				CLANG_ENABLE_OBJC_WEAK = YES;
				CLANG_WARN_BLOCK_CAPTURE_AUTORELEASING = YES;
				CLANG_WARN_BOOL_CONVERSION = YES;
				CLANG_WARN_COMMA = YES;
				CLANG_WARN_CONSTANT_CONVERSION = YES;
				CLANG_WARN_DEPRECATED_OBJC_IMPLEMENTATIONS = YES;
				CLANG_WARN_DIRECT_OBJC_ISA_USAGE = YES_ERROR;
				CLANG_WARN_DOCUMENTATION_COMMENTS = YES;
				CLANG_WARN_EMPTY_BODY = YES;
				CLANG_WARN_ENUM_CONVERSION = YES;
				CLANG_WARN_INFINITE_RECURSION = YES;
				CLANG_WARN_INT_CONVERSION = YES;
				CLANG_WARN_NON_LITERAL_NULL_CONVERSION = YES;
				CLANG_WARN_OBJC_IMPLICIT_RETAIN_SELF = YES;
				CLANG_WARN_OBJC_LITERAL_CONVERSION = YES;
				CLANG_WARN_OBJC_ROOT_CLASS = YES_ERROR;
				CLANG_WARN_RANGE_LOOP_ANALYSIS = YES;
				CLANG_WARN_STRICT_PROTOTYPES = YES;
				CLANG_WARN_SUSPICIOUS_MOVE = YES;
				CLANG_WARN_UNGUARDED_AVAILABILITY = YES_AGGRESSIVE;
				CLANG_WARN_UNREACHABLE_CODE = YES;
				CLANG_WARN__DUPLICATE_METHOD_MATCH = YES;
				CODE_SIGN_IDENTITY = "iPhone Developer";
				COPY_PHASE_STRIP = NO;
				DEBUG_INFORMATION_FORMAT = "dwarf-with-dsym";
				ENABLE_NS_ASSERTIONS = NO;
				ENABLE_STRICT_OBJC_MSGSEND = YES;
				GCC_C_LANGUAGE_STANDARD = gnu11;
				GCC_NO_COMMON_BLOCKS = YES;
				GCC_WARN_64_TO_32_BIT_CONVERSION = YES;
				GCC_WARN_ABOUT_RETURN_TYPE = YES_ERROR;
				GCC_WARN_UNDECLARED_SELECTOR = YES;
				GCC_WARN_UNINITIALIZED_AUTOS = YES_AGGRESSIVE;
				GCC_WARN_UNUSED_FUNCTION = YES;
				GCC_WARN_UNUSED_VARIABLE = YES;
				IPHONEOS_DEPLOYMENT_TARGET = 10.0;
				MTL_ENABLE_DEBUG_INFO = NO;
				MTL_FAST_MATH = YES;
				SDKROOT = iphoneos;
				SWIFT_COMPILATION_MODE = wholemodule;
				SWIFT_OPTIMIZATION_LEVEL = "-O";
				VALIDATE_PRODUCT = YES;
			};
			name = Release;
		};
		CEE94D4C22AFEAD500764F65 /* Debug */ = {
			isa = XCBuildConfiguration;
			baseConfigurationReference = E99D236EE6654DFE1132C9E5 /* Pods-ScanDemo.debug.xcconfig */;
			buildSettings = {
				ASSETCATALOG_COMPILER_APPICON_NAME = AppIcon;
				CODE_SIGN_STYLE = Automatic;
				DEVELOPMENT_TEAM = 33N8S9X634;
				INFOPLIST_FILE = "$(SRCROOT)/ScanDemo/Info.plist";
				IPHONEOS_DEPLOYMENT_TARGET = 10.0;
				LD_RUNPATH_SEARCH_PATHS = (
					"$(inherited)",
					"@executable_path/Frameworks",
				);
				PRODUCT_BUNDLE_IDENTIFIER = com.test.ScanDemo;
				PRODUCT_NAME = "$(TARGET_NAME)";
				SWIFT_VERSION = 5.0;
				TARGETED_DEVICE_FAMILY = "1,2";
			};
			name = Debug;
		};
		CEE94D4D22AFEAD500764F65 /* Release */ = {
			isa = XCBuildConfiguration;
			baseConfigurationReference = D8FDB28C7F7A7593AC628065 /* Pods-ScanDemo.release.xcconfig */;
			buildSettings = {
				ASSETCATALOG_COMPILER_APPICON_NAME = AppIcon;
				CODE_SIGN_STYLE = Automatic;
				DEVELOPMENT_TEAM = 33N8S9X634;
				INFOPLIST_FILE = "$(SRCROOT)/ScanDemo/Info.plist";
				IPHONEOS_DEPLOYMENT_TARGET = 10.0;
				LD_RUNPATH_SEARCH_PATHS = (
					"$(inherited)",
					"@executable_path/Frameworks",
				);
				PRODUCT_BUNDLE_IDENTIFIER = com.test.ScanDemo;
				PRODUCT_NAME = "$(TARGET_NAME)";
				SWIFT_VERSION = 5.0;
				TARGETED_DEVICE_FAMILY = "1,2";
			};
			name = Release;
		};
/* End XCBuildConfiguration section */

/* Begin XCConfigurationList section */
		CEE94D3422AFEAD400764F65 /* Build configuration list for PBXProject "ScanDemo" */ = {
			isa = XCConfigurationList;
			buildConfigurations = (
				CEE94D4922AFEAD500764F65 /* Debug */,
				CEE94D4A22AFEAD500764F65 /* Release */,
			);
			defaultConfigurationIsVisible = 0;
			defaultConfigurationName = Release;
		};
		CEE94D4B22AFEAD500764F65 /* Build configuration list for PBXNativeTarget "ScanDemo" */ = {
			isa = XCConfigurationList;
			buildConfigurations = (
				CEE94D4C22AFEAD500764F65 /* Debug */,
				CEE94D4D22AFEAD500764F65 /* Release */,
			);
			defaultConfigurationIsVisible = 0;
			defaultConfigurationName = Release;
		};
/* End XCConfigurationList section */
	};
	rootObject = CEE94D3122AFEAD400764F65 /* Project object */;
}
